// !$*UTF8*$!
{
	archiveVersion = 1;
	classes = {
	};
	objectVersion = 46;
	objects = {

/* Begin PBXBuildFile section */
		EBC4FAC81DB65ABC00EBA796 /* main.m in Sources */ = {isa = PBXBuildFile; fileRef = EBC4FAC71DB65ABC00EBA796 /* main.m */; };
		EBC4FACB1DB65ABC00EBA796 /* AppDelegate.m in Sources */ = {isa = PBXBuildFile; fileRef = EBC4FACA1DB65ABC00EBA796 /* AppDelegate.m */; };
		EBC4FACE1DB65ABC00EBA796 /* ViewController.m in Sources */ = {isa = PBXBuildFile; fileRef = EBC4FACD1DB65ABC00EBA796 /* ViewController.m */; };
		EBC4FAD11DB65ABC00EBA796 /* Main.storyboard in Resources */ = {isa = PBXBuildFile; fileRef = EBC4FACF1DB65ABC00EBA796 /* Main.storyboard */; };
		EBC4FAD31DB65ABC00EBA796 /* Assets.xcassets in Resources */ = {isa = PBXBuildFile; fileRef = EBC4FAD21DB65ABC00EBA796 /* Assets.xcassets */; };
		EBC4FAD61DB65ABC00EBA796 /* LaunchScreen.storyboard in Resources */ = {isa = PBXBuildFile; fileRef = EBC4FAD41DB65ABC00EBA796 /* LaunchScreen.storyboard */; };
		EBC4FAE11DB65ABC00EBA796 /* SuperCardTests.m in Sources */ = {isa = PBXBuildFile; fileRef = EBC4FAE01DB65ABC00EBA796 /* SuperCardTests.m */; };
/* End PBXBuildFile section */

/* Begin PBXContainerItemProxy section */
		EBC4FADD1DB65ABC00EBA796 /* PBXContainerItemProxy */ = {
			isa = PBXContainerItemProxy;
			containerPortal = EBC4FABB1DB65ABC00EBA796 /* Project object */;
			proxyType = 1;
			remoteGlobalIDString = EBC4FAC21DB65ABC00EBA796;
			remoteInfo = SuperCard;
		};
/* End PBXContainerItemProxy section */

/* Begin PBXFileReference section */
		EBC4FAC31DB65ABC00EBA796 /* SuperCard.app */ = {isa = PBXFileReference; explicitFileType = wrapper.application; includeInIndex = 0; path = SuperCard.app; sourceTree = BUILT_PRODUCTS_DIR; };
		EBC4FAC71DB65ABC00EBA796 /* main.m */ = {isa = PBXFileReference; lastKnownFileType = sourcecode.c.objc; path = main.m; sourceTree = "<group>"; };
		EBC4FAC91DB65ABC00EBA796 /* AppDelegate.h */ = {isa = PBXFileReference; lastKnownFileType = sourcecode.c.h; path = AppDelegate.h; sourceTree = "<group>"; };
		EBC4FACA1DB65ABC00EBA796 /* AppDelegate.m */ = {isa = PBXFileReference; lastKnownFileType = sourcecode.c.objc; path = AppDelegate.m; sourceTree = "<group>"; };
		EBC4FACC1DB65ABC00EBA796 /* ViewController.h */ = {isa = PBXFileReference; lastKnownFileType = sourcecode.c.h; path = ViewController.h; sourceTree = "<group>"; };
		EBC4FACD1DB65ABC00EBA796 /* ViewController.m */ = {isa = PBXFileReference; lastKnownFileType = sourcecode.c.objc; path = ViewController.m; sourceTree = "<group>"; };
		EBC4FAD01DB65ABC00EBA796 /* Base */ = {isa = PBXFileReference; lastKnownFileType = file.storyboard; name = Base; path = Base.lproj/Main.storyboard; sourceTree = "<group>"; };
		EBC4FAD21DB65ABC00EBA796 /* Assets.xcassets */ = {isa = PBXFileReference; lastKnownFileType = folder.assetcatalog; path = Assets.xcassets; sourceTree = "<group>"; };
		EBC4FAD51DB65ABC00EBA796 /* Base */ = {isa = PBXFileReference; lastKnownFileType = file.storyboard; name = Base; path = Base.lproj/LaunchScreen.storyboard; sourceTree = "<group>"; };
		EBC4FAD71DB65ABC00EBA796 /* Info.plist */ = {isa = PBXFileReference; lastKnownFileType = text.plist.xml; path = Info.plist; sourceTree = "<group>"; };
		EBC4FADC1DB65ABC00EBA796 /* SuperCardTests.xctest */ = {isa = PBXFileReference; explicitFileType = wrapper.cfbundle; includeInIndex = 0; path = SuperCardTests.xctest; sourceTree = BUILT_PRODUCTS_DIR; };
		EBC4FAE01DB65ABC00EBA796 /* SuperCardTests.m */ = {isa = PBXFileReference; lastKnownFileType = sourcecode.c.objc; path = SuperCardTests.m; sourceTree = "<group>"; };
		EBC4FAE21DB65ABC00EBA796 /* Info.plist */ = {isa = PBXFileReference; lastKnownFileType = text.plist.xml; path = Info.plist; sourceTree = "<group>"; };
/* End PBXFileReference section */

/* Begin PBXFrameworksBuildPhase section */
		EBC4FAC01DB65ABC00EBA796 /* Frameworks */ = {
			isa = PBXFrameworksBuildPhase;
			buildActionMask = 2147483647;
			files = (
			);
			runOnlyForDeploymentPostprocessing = 0;
		};
		EBC4FAD91DB65ABC00EBA796 /* Frameworks */ = {
			isa = PBXFrameworksBuildPhase;
			buildActionMask = 2147483647;
			files = (
			);
			runOnlyForDeploymentPostprocessing = 0;
		};
/* End PBXFrameworksBuildPhase section */

/* Begin PBXGroup section */
		EBC4FABA1DB65ABC00EBA796 = {
			isa = PBXGroup;
			children = (
				EBC4FAC51DB65ABC00EBA796 /* SuperCard */,
				EBC4FADF1DB65ABC00EBA796 /* SuperCardTests */,
				EBC4FAC41DB65ABC00EBA796 /* Products */,
			);
			sourceTree = "<group>";
		};
		EBC4FAC41DB65ABC00EBA796 /* Products */ = {
			isa = PBXGroup;
			children = (
				EBC4FAC31DB65ABC00EBA796 /* SuperCard.app */,
				EBC4FADC1DB65ABC00EBA796 /* SuperCardTests.xctest */,
			);
			name = Products;
			sourceTree = "<group>";
		};
		EBC4FAC51DB65ABC00EBA796 /* SuperCard */ = {
			isa = PBXGroup;
			children = (
				EBC4FAC91DB65ABC00EBA796 /* AppDelegate.h */,
				EBC4FACA1DB65ABC00EBA796 /* AppDelegate.m */,
				EBC4FACC1DB65ABC00EBA796 /* ViewController.h */,
				EBC4FACD1DB65ABC00EBA796 /* ViewController.m */,
				EBC4FACF1DB65ABC00EBA796 /* Main.storyboard */,
				EBC4FAD21DB65ABC00EBA796 /* Assets.xcassets */,
				EBC4FAD41DB65ABC00EBA796 /* LaunchScreen.storyboard */,
				EBC4FAD71DB65ABC00EBA796 /* Info.plist */,
				EBC4FAC61DB65ABC00EBA796 /* Supporting Files */,
			);
			path = SuperCard;
			sourceTree = "<group>";
		};
		EBC4FAC61DB65ABC00EBA796 /* Supporting Files */ = {
			isa = PBXGroup;
			children = (
				EBC4FAC71DB65ABC00EBA796 /* main.m */,
			);
			name = "Supporting Files";
			sourceTree = "<group>";
		};
		EBC4FADF1DB65ABC00EBA796 /* SuperCardTests */ = {
			isa = PBXGroup;
			children = (
				EBC4FAE01DB65ABC00EBA796 /* SuperCardTests.m */,
				EBC4FAE21DB65ABC00EBA796 /* Info.plist */,
			);
			path = SuperCardTests;
			sourceTree = "<group>";
		};
/* End PBXGroup section */

/* Begin PBXNativeTarget section */
		EBC4FAC21DB65ABC00EBA796 /* SuperCard */ = {
			isa = PBXNativeTarget;
			buildConfigurationList = EBC4FAE51DB65ABC00EBA796 /* Build configuration list for PBXNativeTarget "SuperCard" */;
			buildPhases = (
				EBC4FABF1DB65ABC00EBA796 /* Sources */,
				EBC4FAC01DB65ABC00EBA796 /* Frameworks */,
				EBC4FAC11DB65ABC00EBA796 /* Resources */,
			);
			buildRules = (
			);
			dependencies = (
			);
			name = SuperCard;
			productName = SuperCard;
			productReference = EBC4FAC31DB65ABC00EBA796 /* SuperCard.app */;
			productType = "com.apple.product-type.application";
		};
		EBC4FADB1DB65ABC00EBA796 /* SuperCardTests */ = {
			isa = PBXNativeTarget;
			buildConfigurationList = EBC4FAE81DB65ABC00EBA796 /* Build configuration list for PBXNativeTarget "SuperCardTests" */;
			buildPhases = (
				EBC4FAD81DB65ABC00EBA796 /* Sources */,
				EBC4FAD91DB65ABC00EBA796 /* Frameworks */,
				EBC4FADA1DB65ABC00EBA796 /* Resources */,
			);
			buildRules = (
			);
			dependencies = (
				EBC4FADE1DB65ABC00EBA796 /* PBXTargetDependency */,
			);
			name = SuperCardTests;
			productName = SuperCardTests;
			productReference = EBC4FADC1DB65ABC00EBA796 /* SuperCardTests.xctest */;
			productType = "com.apple.product-type.bundle.unit-test";
		};
/* End PBXNativeTarget section */

/* Begin PBXProject section */
		EBC4FABB1DB65ABC00EBA796 /* Project object */ = {
			isa = PBXProject;
			attributes = {
				LastUpgradeCheck = 0730;
				ORGANIZATIONNAME = "刘芳芳";
				TargetAttributes = {
					EBC4FAC21DB65ABC00EBA796 = {
						CreatedOnToolsVersion = 7.3.1;
					};
					EBC4FADB1DB65ABC00EBA796 = {
						CreatedOnToolsVersion = 7.3.1;
						TestTargetID = EBC4FAC21DB65ABC00EBA796;
					};
				};
			};
			buildConfigurationList = EBC4FABE1DB65ABC00EBA796 /* Build configuration list for PBXProject "SuperCard" */;
			compatibilityVersion = "Xcode 3.2";
			developmentRegion = English;
			hasScannedForEncodings = 0;
			knownRegions = (
				en,
				Base,
			);
			mainGroup = EBC4FABA1DB65ABC00EBA796;
			productRefGroup = EBC4FAC41DB65ABC00EBA796 /* Products */;
			projectDirPath = "";
			projectRoot = "";
			targets = (
				EBC4FAC21DB65ABC00EBA796 /* SuperCard */,
				EBC4FADB1DB65ABC00EBA796 /* SuperCardTests */,
			);
		};
/* End PBXProject section */

/* Begin PBXResourcesBuildPhase section */
		EBC4FAC11DB65ABC00EBA796 /* Resources */ = {
			isa = PBXResourcesBuildPhase;
			buildActionMask = 2147483647;
			files = (
				EBC4FAD61DB65ABC00EBA796 /* LaunchScreen.storyboard in Resources */,
				EBC4FAD31DB65ABC00EBA796 /* Assets.xcassets in Resources */,
				EBC4FAD11DB65ABC00EBA796 /* Main.storyboard in Resources */,
			);
			runOnlyForDeploymentPostprocessing = 0;
		};
		EBC4FADA1DB65ABC00EBA796 /* Resources */ = {
			isa = PBXResourcesBuildPhase;
			buildActionMask = 2147483647;
			files = (
			);
			runOnlyForDeploymentPostprocessing = 0;
		};
/* End PBXResourcesBuildPhase section */

/* Begin PBXSourcesBuildPhase section */
		EBC4FABF1DB65ABC00EBA796 /* Sources */ = {
			isa = PBXSourcesBuildPhase;
			buildActionMask = 2147483647;
			files = (
				EBC4FACE1DB65ABC00EBA796 /* ViewController.m in Sources */,
				EBC4FACB1DB65ABC00EBA796 /* AppDelegate.m in Sources */,
				EBC4FAC81DB65ABC00EBA796 /* main.m in Sources */,
			);
			runOnlyForDeploymentPostprocessing = 0;
		};
		EBC4FAD81DB65ABC00EBA796 /* Sources */ = {
			isa = PBXSourcesBuildPhase;
			buildActionMask = 2147483647;
			files = (
				EBC4FAE11DB65ABC00EBA796 /* SuperCardTests.m in Sources */,
			);
			runOnlyForDeploymentPostprocessing = 0;
		};
/* End PBXSourcesBuildPhase section */

/* Begin PBXTargetDependency section */
		EBC4FADE1DB65ABC00EBA796 /* PBXTargetDependency */ = {
			isa = PBXTargetDependency;
			target = EBC4FAC21DB65ABC00EBA796 /* SuperCard */;
			targetProxy = EBC4FADD1DB65ABC00EBA796 /* PBXContainerItemProxy */;
		};
/* End PBXTargetDependency section */

/* Begin PBXVariantGroup section */
		EBC4FACF1DB65ABC00EBA796 /* Main.storyboard */ = {
			isa = PBXVariantGroup;
			children = (
				EBC4FAD01DB65ABC00EBA796 /* Base */,
			);
			name = Main.storyboard;
			sourceTree = "<group>";
		};
		EBC4FAD41DB65ABC00EBA796 /* LaunchScreen.storyboard */ = {
			isa = PBXVariantGroup;
			children = (
				EBC4FAD51DB65ABC00EBA796 /* Base */,
			);
			name = LaunchScreen.storyboard;
			sourceTree = "<group>";
		};
/* End PBXVariantGroup section */

/* Begin XCBuildConfiguration section */
		EBC4FAE31DB65ABC00EBA796 /* Debug */ = {
			isa = XCBuildConfiguration;
			buildSettings = {
				ALWAYS_SEARCH_USER_PATHS = NO;
				CLANG_ANALYZER_NONNULL = YES;
				CLANG_CXX_LANGUAGE_STANDARD = "gnu++0x";
				CLANG_CXX_LIBRARY = "libc++";
				CLANG_ENABLE_MODULES = YES;
				CLANG_ENABLE_OBJC_ARC = YES;
				CLANG_WARN_BOOL_CONVERSION = YES;
				CLANG_WARN_CONSTANT_CONVERSION = YES;
				CLANG_WARN_DIRECT_OBJC_ISA_USAGE = YES_ERROR;
				CLANG_WARN_EMPTY_BODY = YES;
				CLANG_WARN_ENUM_CONVERSION = YES;
				CLANG_WARN_INT_CONVERSION = YES;
				CLANG_WARN_OBJC_ROOT_CLASS = YES_ERROR;
				CLANG_WARN_UNREACHABLE_CODE = YES;
				CLANG_WARN__DUPLICATE_METHOD_MATCH = YES;
				"CODE_SIGN_IDENTITY[sdk=iphoneos*]" = "iPhone Developer";
				COPY_PHASE_STRIP = NO;
				DEBUG_INFORMATION_FORMAT = dwarf;
				ENABLE_STRICT_OBJC_MSGSEND = YES;
				ENABLE_TESTABILITY = YES;
				GCC_C_LANGUAGE_STANDARD = gnu99;
				GCC_DYNAMIC_NO_PIC = NO;
				GCC_NO_COMMON_BLOCKS = YES;
				GCC_OPTIMIZATION_LEVEL = 0;
				GCC_PREPROCESSOR_DEFINITIONS = (
					"DEBUG=1",
					"$(inherited)",
				);
				GCC_WARN_64_TO_32_BIT_CONVERSION = YES;
				GCC_WARN_ABOUT_RETURN_TYPE = YES_ERROR;
				GCC_WARN_UNDECLARED_SELECTOR = YES;
				GCC_WARN_UNINITIALIZED_AUTOS = YES_AGGRESSIVE;
				GCC_WARN_UNUSED_FUNCTION = YES;
				GCC_WARN_UNUSED_VARIABLE = YES;
				IPHONEOS_DEPLOYMENT_TARGET = 9.3;
				MTL_ENABLE_DEBUG_INFO = YES;
				ONLY_ACTIVE_ARCH = YES;
				SDKROOT = iphoneos;
			};
			name = Debug;
		};
		EBC4FAE41DB65ABC00EBA796 /* Release */ = {
			isa = XCBuildConfiguration;
			buildSettings = {
				ALWAYS_SEARCH_USER_PATHS = NO;
				CLANG_ANALYZER_NONNULL = YES;
				CLANG_CXX_LANGUAGE_STANDARD = "gnu++0x";
				CLANG_CXX_LIBRARY = "libc++";
				CLANG_ENABLE_MODULES = YES;
				CLANG_ENABLE_OBJC_ARC = YES;
				CLANG_WARN_BOOL_CONVERSION = YES;
				CLANG_WARN_CONSTANT_CONVERSION = YES;
				CLANG_WARN_DIRECT_OBJC_ISA_USAGE = YES_ERROR;
				CLANG_WARN_EMPTY_BODY = YES;
				CLANG_WARN_ENUM_CONVERSION = YES;
				CLANG_WARN_INT_CONVERSION = YES;
				CLANG_WARN_OBJC_ROOT_CLASS = YES_ERROR;
				CLANG_WARN_UNREACHABLE_CODE = YES;
				CLANG_WARN__DUPLICATE_METHOD_MATCH = YES;
				"CODE_SIGN_IDENTITY[sdk=iphoneos*]" = "iPhone Developer";
				COPY_PHASE_STRIP = NO;
				DEBUG_INFORMATION_FORMAT = "dwarf-with-dsym";
				ENABLE_NS_ASSERTIONS = NO;
				ENABLE_STRICT_OBJC_MSGSEND = YES;
				GCC_C_LANGUAGE_STANDARD = gnu99;
				GCC_NO_COMMON_BLOCKS = YES;
				GCC_WARN_64_TO_32_BIT_CONVERSION = YES;
				GCC_WARN_ABOUT_RETURN_TYPE = YES_ERROR;
				GCC_WARN_UNDECLARED_SELECTOR = YES;
				GCC_WARN_UNINITIALIZED_AUTOS = YES_AGGRESSIVE;
				GCC_WARN_UNUSED_FUNCTION = YES;
				GCC_WARN_UNUSED_VARIABLE = YES;
				IPHONEOS_DEPLOYMENT_TARGET = 9.3;
				MTL_ENABLE_DEBUG_INFO = NO;
				SDKROOT = iphoneos;
				VALIDATE_PRODUCT = YES;
			};
			name = Release;
		};
		EBC4FAE61DB65ABC00EBA796 /* Debug */ = {
			isa = XCBuildConfiguration;
			buildSettings = {
				ASSETCATALOG_COMPILER_APPICON_NAME = AppIcon;
				INFOPLIST_FILE = SuperCard/Info.plist;
				LD_RUNPATH_SEARCH_PATHS = "$(inherited) @executable_path/Frameworks";
				PRODUCT_BUNDLE_IDENTIFIER = leric.lff.SuperCard;
				PRODUCT_NAME = "$(TARGET_NAME)";
			};
			name = Debug;
		};
		EBC4FAE71DB65ABC00EBA796 /* Release */ = {
			isa = XCBuildConfiguration;
			buildSettings = {
				ASSETCATALOG_COMPILER_APPICON_NAME = AppIcon;
				INFOPLIST_FILE = SuperCard/Info.plist;
				LD_RUNPATH_SEARCH_PATHS = "$(inherited) @executable_path/Frameworks";
				PRODUCT_BUNDLE_IDENTIFIER = leric.lff.SuperCard;
				PRODUCT_NAME = "$(TARGET_NAME)";
			};
			name = Release;
		};
		EBC4FAE91DB65ABC00EBA796 /* Debug */ = {
			isa = XCBuildConfiguration;
			buildSettings = {
				BUNDLE_LOADER = "$(TEST_HOST)";
				INFOPLIST_FILE = SuperCardTests/Info.plist;
				LD_RUNPATH_SEARCH_PATHS = "$(inherited) @executable_path/Frameworks @loader_path/Frameworks";
				PRODUCT_BUNDLE_IDENTIFIER = leric.lff.SuperCardTests;
				PRODUCT_NAME = "$(TARGET_NAME)";
				TEST_HOST = "$(BUILT_PRODUCTS_DIR)/SuperCard.app/SuperCard";
			};
			name = Debug;
		};
		EBC4FAEA1DB65ABC00EBA796 /* Release */ = {
			isa = XCBuildConfiguration;
			buildSettings = {
				BUNDLE_LOADER = "$(TEST_HOST)";
				INFOPLIST_FILE = SuperCardTests/Info.plist;
				LD_RUNPATH_SEARCH_PATHS = "$(inherited) @executable_path/Frameworks @loader_path/Frameworks";
				PRODUCT_BUNDLE_IDENTIFIER = leric.lff.SuperCardTests;
				PRODUCT_NAME = "$(TARGET_NAME)";
				TEST_HOST = "$(BUILT_PRODUCTS_DIR)/SuperCard.app/SuperCard";
			};
			name = Release;
		};
/* End XCBuildConfiguration section */

/* Begin XCConfigurationList section */
		EBC4FABE1DB65ABC00EBA796 /* Build configuration list for PBXProject "SuperCard" */ = {
			isa = XCConfigurationList;
			buildConfigurations = (
				EBC4FAE31DB65ABC00EBA796 /* Debug */,
				EBC4FAE41DB65ABC00EBA796 /* Release */,
			);
			defaultConfigurationIsVisible = 0;
			defaultConfigurationName = Release;
		};
		EBC4FAE51DB65ABC00EBA796 /* Build configuration list for PBXNativeTarget "SuperCard" */ = {
			isa = XCConfigurationList;
			buildConfigurations = (
				EBC4FAE61DB65ABC00EBA796 /* Debug */,
				EBC4FAE71DB65ABC00EBA796 /* Release */,
			);
			defaultConfigurationIsVisible = 0;
		};
		EBC4FAE81DB65ABC00EBA796 /* Build configuration list for PBXNativeTarget "SuperCardTests" */ = {
			isa = XCConfigurationList;
			buildConfigurations = (
				EBC4FAE91DB65ABC00EBA796 /* Debug */,
				EBC4FAEA1DB65ABC00EBA796 /* Release */,
			);
			defaultConfigurationIsVisible = 0;
		};
/* End XCConfigurationList section */
	};
	rootObject = EBC4FABB1DB65ABC00EBA796 /* Project object */;
}
